
Microsoft Visual Studio Solution File, Format Version 12.00
# Visual Studio 15
VisualStudioVersion = 15.0.26430.4
MinimumVisualStudioVersion = 10.0.40219.1
Project("{FAE04EC0-301F-11D3-BF4B-00C04F79EFBC}") = "WSPublica", "WSPublica\WSPublica.csproj", "{6E097407-00BD-4ECC-8E96-C5E0A7343173}"
EndProject
Project("{FAE04EC0-301F-11D3-BF4B-00C04F79EFBC}") = "wsFormPublica", "wsFormPublica\wsFormPublica.csproj", "{80C37B6C-D925-49C0-B58C-027114E0FEB4}"
	ProjectSection(ProjectDependencies) = postProject
		{6E097407-00BD-4ECC-8E96-C5E0A7343173} = {6E097407-00BD-4ECC-8E96-C5E0A7343173}
	EndProjectSection
EndProject
Global
	GlobalSection(SolutionConfigurationPlatforms) = preSolution
		Debug|Any CPU = Debug|Any CPU
		Release|Any CPU = Release|Any CPU
	EndGlobalSection
	GlobalSection(ProjectConfigurationPlatforms) = postSolution
		{6E097407-00BD-4ECC-8E96-C5E0A7343173}.Debug|Any CPU.ActiveCfg = Debug|Any CPU
		{6E097407-00BD-4ECC-8E96-C5E0A7343173}.Debug|Any CPU.Build.0 = Debug|Any CPU
		{6E097407-00BD-4ECC-8E96-C5E0A7343173}.Release|Any CPU.ActiveCfg = Release|Any CPU
		{6E097407-00BD-4ECC-8E96-C5E0A7343173}.Release|Any CPU.Build.0 = Release|Any CPU
		{80C37B6C-D925-49C0-B58C-027114E0FEB4}.Debug|Any CPU.ActiveCfg = Debug|Any CPU
		{80C37B6C-D925-49C0-B58C-027114E0FEB4}.Debug|Any CPU.Build.0 = Debug|Any CPU
		{80C37B6C-D925-49C0-B58C-027114E0FEB4}.Release|Any CPU.ActiveCfg = Release|Any CPU
		{80C37B6C-D925-49C0-B58C-027114E0FEB4}.Release|Any CPU.Build.0 = Release|Any CPU
	EndGlobalSection
	GlobalSection(SolutionProperties) = preSolution
		HideSolutionNode = FALSE
	EndGlobalSection
EndGlobal
